{
  "name": "date picker",
  "lockfileVersion": 3,
  "requires": true,
  "packages": {
    "": {
      "dependencies": {
        "nh-picker": "^1.0.3"
      }
    },
    "node_modules/nh-picker": {
      "version": "1.0.3",
      "resolved": "https://registry.npmjs.org/nh-picker/-/nh-picker-1.0.3.tgz",
      "integrity": "sha512-u2pUC5ypTq3/1tC6EmnZihWfCkQcO+qdYHpERUZqQ48qOrGYckGOIvejfIvd3mb1C+Al5+xbU0hrf3UZm0zpZQ=="
    }
  }
}
